
Microsoft Visual Studio Solution File, Format Version 12.00
# Visual Studio Version 17
VisualStudioVersion = 17.2.32616.157
MinimumVisualStudioVersion = 10.0.40219.1
Project("{9A19103F-16F7-4668-BE54-9A1E7A4F7556}") = "BookStore.Api", "BookStore.Api\BookStore.Api.csproj", "{DBABAC31-6840-44A0-A623-BD011EE0A248}"
EndProject
Project("{9A19103F-16F7-4668-BE54-9A1E7A4F7556}") = "BookStore.Models", "BookStore.Models\BookStore.Models.csproj", "{285DF4D3-5015-4205-B6FA-C962AC96555E}"
EndProject
Project("{FAE04EC0-301F-11D3-BF4B-00C04F79EFBC}") = "BookStore.Repository", "BookStore.Repository\BookStore.Repository.csproj", "{9AE5BC7A-B633-467B-913E-ECA4BFAA5D78}"
EndProject
Global
	GlobalSection(SolutionConfigurationPlatforms) = preSolution
		Debug|Any CPU = Debug|Any CPU
		Release|Any CPU = Release|Any CPU
	EndGlobalSection
	GlobalSection(ProjectConfigurationPlatforms) = postSolution
		{DBABAC31-6840-44A0-A623-BD011EE0A248}.Debug|Any CPU.ActiveCfg = Debug|Any CPU
		{DBABAC31-6840-44A0-A623-BD011EE0A248}.Debug|Any CPU.Build.0 = Debug|Any CPU
		{DBABAC31-6840-44A0-A623-BD011EE0A248}.Release|Any CPU.ActiveCfg = Release|Any CPU
		{DBABAC31-6840-44A0-A623-BD011EE0A248}.Release|Any CPU.Build.0 = Release|Any CPU
		{285DF4D3-5015-4205-B6FA-C962AC96555E}.Debug|Any CPU.ActiveCfg = Debug|Any CPU
		{285DF4D3-5015-4205-B6FA-C962AC96555E}.Debug|Any CPU.Build.0 = Debug|Any CPU
		{285DF4D3-5015-4205-B6FA-C962AC96555E}.Release|Any CPU.ActiveCfg = Release|Any CPU
		{285DF4D3-5015-4205-B6FA-C962AC96555E}.Release|Any CPU.Build.0 = Release|Any CPU
		{9AE5BC7A-B633-467B-913E-ECA4BFAA5D78}.Debug|Any CPU.ActiveCfg = Debug|Any CPU
		{9AE5BC7A-B633-467B-913E-ECA4BFAA5D78}.Debug|Any CPU.Build.0 = Debug|Any CPU
		{9AE5BC7A-B633-467B-913E-ECA4BFAA5D78}.Release|Any CPU.ActiveCfg = Release|Any CPU
		{9AE5BC7A-B633-467B-913E-ECA4BFAA5D78}.Release|Any CPU.Build.0 = Release|Any CPU
	EndGlobalSection
	GlobalSection(SolutionProperties) = preSolution
		HideSolutionNode = FALSE
	EndGlobalSection
	GlobalSection(ExtensibilityGlobals) = postSolution
		SolutionGuid = {A6E5A77C-6E63-4708-9D2C-CD2B3D7500DE}
	EndGlobalSection
EndGlobal
